// !$*UTF8*$!
{
	archiveVersion = 1;
	classes = {
	};
	objectVersion = 70;
	objects = {

/* Begin PBXBuildFile section */
		03FF87D92DB0FB340059084A /* FirebaseAnalyticsSwift in Frameworks */ = {isa = PBXBuildFile; productRef = 03FF87D82DB0FB340059084A /* FirebaseAnalyticsSwift */; };
		03FF87DB2DB0FB340059084A /* FirebaseAppDistribution-Beta in Frameworks */ = {isa = PBXBuildFile; productRef = 03FF87DA2DB0FB340059084A /* FirebaseAppDistribution-Beta */; };
		03FF87DD2DB0FB340059084A /* FirebaseAuth in Frameworks */ = {isa = PBXBuildFile; productRef = 03FF87DC2DB0FB340059084A /* FirebaseAuth */; };
		03FF87DF2DB0FB340059084A /* FirebaseAuthCombine-Community in Frameworks */ = {isa = PBXBuildFile; productRef = 03FF87DE2DB0FB340059084A /* FirebaseAuthCombine-Community */; };
		03FF87E12DB0FB340059084A /* FirebaseDatabase in Frameworks */ = {isa = PBXBuildFile; productRef = 03FF87E02DB0FB340059084A /* FirebaseDatabase */; };
		03FF87E32DB0FB340059084A /* FirebaseDatabaseSwift in Frameworks */ = {isa = PBXBuildFile; productRef = 03FF87E22DB0FB340059084A /* FirebaseDatabaseSwift */; };
		03FF87E52DB0FB340059084A /* FirebaseFirestore in Frameworks */ = {isa = PBXBuildFile; productRef = 03FF87E42DB0FB340059084A /* FirebaseFirestore */; };
		03FF87E72DB0FB340059084A /* FirebaseInstallations in Frameworks */ = {isa = PBXBuildFile; productRef = 03FF87E62DB0FB340059084A /* FirebaseInstallations */; };
		03FF87E92DB0FB340059084A /* FirebaseMessaging in Frameworks */ = {isa = PBXBuildFile; productRef = 03FF87E82DB0FB340059084A /* FirebaseMessaging */; };
		03FF87EB2DB0FB340059084A /* FirebaseStorage in Frameworks */ = {isa = PBXBuildFile; productRef = 03FF87EA2DB0FB340059084A /* FirebaseStorage */; };
		03FF87ED2DB0FB5A0059084A /* FirebaseAnalytics in Frameworks */ = {isa = PBXBuildFile; productRef = 03FF87EC2DB0FB5A0059084A /* FirebaseAnalytics */; };
		03FF87EF2DB0FB5A0059084A /* FirebaseAuth in Frameworks */ = {isa = PBXBuildFile; productRef = 03FF87EE2DB0FB5A0059084A /* FirebaseAuth */; };
		03FF87F12DB0FB5A0059084A /* FirebaseDatabase in Frameworks */ = {isa = PBXBuildFile; productRef = 03FF87F02DB0FB5A0059084A /* FirebaseDatabase */; };
		03FF87F32DB0FB5A0059084A /* FirebaseFirestore in Frameworks */ = {isa = PBXBuildFile; productRef = 03FF87F22DB0FB5A0059084A /* FirebaseFirestore */; };
		03FF87F52DB0FB5A0059084A /* FirebaseStorage in Frameworks */ = {isa = PBXBuildFile; productRef = 03FF87F42DB0FB5A0059084A /* FirebaseStorage */; };
		1A5F7E302B3D5C4A009F0A1A /* (null) in Frameworks */ = {isa = PBXBuildFile; };
		1A5F7E322B3D5C4A009F0A1A /* (null) in Frameworks */ = {isa = PBXBuildFile; };
		1A5F7E342B3D5C4A009F0A1A /* (null) in Frameworks */ = {isa = PBXBuildFile; };
		1A5F7E362B3D5C4A009F0A1A /* (null) in Frameworks */ = {isa = PBXBuildFile; };
		1A5F7E382B3D5C4A009F0A1A /* (null) in Frameworks */ = {isa = PBXBuildFile; };
		1A5F7E3A2B3D5C4A009F0A1A /* (null) in Frameworks */ = {isa = PBXBuildFile; };
		1A5F7E3C2B3D5C4A009F0A1A /* (null) in Frameworks */ = {isa = PBXBuildFile; };
		1A5F7E3E2B3D5C4A009F0A1A /* (null) in Frameworks */ = {isa = PBXBuildFile; };
		1A5F7E402B3D5C4A009F0A1A /* (null) in Frameworks */ = {isa = PBXBuildFile; };
		1A5F7E422B3D5C4A009F0A1A /* (null) in Frameworks */ = {isa = PBXBuildFile; };
		1A5F7E442B3D5C4A009F0A1A /* (null) in Frameworks */ = {isa = PBXBuildFile; };
		1A5F7E462B3D5C4A009F0A1A /* (null) in Frameworks */ = {isa = PBXBuildFile; };
		1A5F7E482B3D5C4A009F0A1A /* (null) in Frameworks */ = {isa = PBXBuildFile; };
		1A5F7E4A2B3D5C4A009F0A1A /* (null) in Frameworks */ = {isa = PBXBuildFile; };
		1A5F7E4C2B3D5C4A009F0A1A /* (null) in Frameworks */ = {isa = PBXBuildFile; };
		1A5F7E4E2B3D5C4A009F0A1A /* (null) in Frameworks */ = {isa = PBXBuildFile; };
		1A5F7E502B3D5C4A009F0A1A /* (null) in Frameworks */ = {isa = PBXBuildFile; };
		1A5F7E522B3D5C4A009F0A1A /* (null) in Frameworks */ = {isa = PBXBuildFile; };
		1A5F7E542B3D5C4A009F0A1A /* (null) in Frameworks */ = {isa = PBXBuildFile; };
		1A5F7E562B3D5C4A009F0A1A /* (null) in Frameworks */ = {isa = PBXBuildFile; };
		1A5F7E582B3D5C4A009F0A1A /* (null) in Frameworks */ = {isa = PBXBuildFile; };
		1A5F7E5A2B3D5C4A009F0A1A /* (null) in Frameworks */ = {isa = PBXBuildFile; };
		1A5F7E5C2B3D5C4A009F0A1A /* (null) in Frameworks */ = {isa = PBXBuildFile; };
		1A5F7E5E2B3D5C4A009F0A1A /* (null) in Frameworks */ = {isa = PBXBuildFile; };
		1A5F7E602B3D5C4A009F0A1A /* (null) in Frameworks */ = {isa = PBXBuildFile; };
/* End PBXBuildFile section */

/* Begin PBXContainerItemProxy section */
		0318CBA72D3669E40025F09E /* PBXContainerItemProxy */ = {
			isa = PBXContainerItemProxy;
			containerPortal = 0318CB8E2D3669E30025F09E /* Project object */;
			proxyType = 1;
			remoteGlobalIDString = 0318CB952D3669E30025F09E;
			remoteInfo = Valet;
		};
		0318CBB12D3669E40025F09E /* PBXContainerItemProxy */ = {
			isa = PBXContainerItemProxy;
			containerPortal = 0318CB8E2D3669E30025F09E /* Project object */;
			proxyType = 1;
			remoteGlobalIDString = 0318CB952D3669E30025F09E;
			remoteInfo = Valet;
		};
/* End PBXContainerItemProxy section */

/* Begin PBXFileReference section */
		0318CB962D3669E30025F09E /* Valet.app */ = {isa = PBXFileReference; explicitFileType = wrapper.application; includeInIndex = 0; path = Valet.app; sourceTree = BUILT_PRODUCTS_DIR; };
		0318CBA62D3669E40025F09E /* ValetTests.xctest */ = {isa = PBXFileReference; explicitFileType = wrapper.cfbundle; includeInIndex = 0; path = ValetTests.xctest; sourceTree = BUILT_PRODUCTS_DIR; };
		0318CBB02D3669E40025F09E /* ValetUITests.xctest */ = {isa = PBXFileReference; explicitFileType = wrapper.cfbundle; includeInIndex = 0; path = ValetUITests.xctest; sourceTree = BUILT_PRODUCTS_DIR; };
/* End PBXFileReference section */

/* Begin PBXFileSystemSynchronizedBuildFileExceptionSet section */
		03637CBD2D804153009DCD41 /* PBXFileSystemSynchronizedBuildFileExceptionSet */ = {
			isa = PBXFileSystemSynchronizedBuildFileExceptionSet;
			membershipExceptions = (
				Info.plist,
			);
			target = 0318CB952D3669E30025F09E /* Valet */;
		};
/* End PBXFileSystemSynchronizedBuildFileExceptionSet section */

/* Begin PBXFileSystemSynchronizedRootGroup section */
		0318CB982D3669E30025F09E /* Valet */ = {isa = PBXFileSystemSynchronizedRootGroup; exceptions = (03637CBD2D804153009DCD41 /* PBXFileSystemSynchronizedBuildFileExceptionSet */, ); explicitFileTypes = {}; explicitFolders = (); path = Valet; sourceTree = "<group>"; };
		0318CBA92D3669E40025F09E /* ValetTests */ = {isa = PBXFileSystemSynchronizedRootGroup; explicitFileTypes = {}; explicitFolders = (); path = ValetTests; sourceTree = "<group>"; };
		0318CBB32D3669E40025F09E /* ValetUITests */ = {isa = PBXFileSystemSynchronizedRootGroup; explicitFileTypes = {}; explicitFolders = (); path = ValetUITests; sourceTree = "<group>"; };
/* End PBXFileSystemSynchronizedRootGroup section */

/* Begin PBXFrameworksBuildPhase section */
		0318CB932D3669E30025F09E /* Frameworks */ = {
			isa = PBXFrameworksBuildPhase;
			buildActionMask = 2147483647;
			files = (
				03FF87E72DB0FB340059084A /* FirebaseInstallations in Frameworks */,
				03FF87E12DB0FB340059084A /* FirebaseDatabase in Frameworks */,
				03FF87EF2DB0FB5A0059084A /* FirebaseAuth in Frameworks */,
				1A5F7E422B3D5C4A009F0A1A /* (null) in Frameworks */,
				1A5F7E562B3D5C4A009F0A1A /* (null) in Frameworks */,
				1A5F7E3C2B3D5C4A009F0A1A /* (null) in Frameworks */,
				1A5F7E402B3D5C4A009F0A1A /* (null) in Frameworks */,
				03FF87E52DB0FB340059084A /* FirebaseFirestore in Frameworks */,
				1A5F7E4A2B3D5C4A009F0A1A /* (null) in Frameworks */,
				1A5F7E602B3D5C4A009F0A1A /* (null) in Frameworks */,
				1A5F7E5A2B3D5C4A009F0A1A /* (null) in Frameworks */,
				1A5F7E522B3D5C4A009F0A1A /* (null) in Frameworks */,
				03FF87DB2DB0FB340059084A /* FirebaseAppDistribution-Beta in Frameworks */,
				03FF87F52DB0FB5A0059084A /* FirebaseStorage in Frameworks */,
				1A5F7E342B3D5C4A009F0A1A /* (null) in Frameworks */,
				03FF87F32DB0FB5A0059084A /* FirebaseFirestore in Frameworks */,
				1A5F7E582B3D5C4A009F0A1A /* (null) in Frameworks */,
				1A5F7E502B3D5C4A009F0A1A /* (null) in Frameworks */,
				03FF87F12DB0FB5A0059084A /* FirebaseDatabase in Frameworks */,
				03FF87DF2DB0FB340059084A /* FirebaseAuthCombine-Community in Frameworks */,
				1A5F7E5E2B3D5C4A009F0A1A /* (null) in Frameworks */,
				1A5F7E302B3D5C4A009F0A1A /* (null) in Frameworks */,
				03FF87EB2DB0FB340059084A /* FirebaseStorage in Frameworks */,
				1A5F7E322B3D5C4A009F0A1A /* (null) in Frameworks */,
				1A5F7E382B3D5C4A009F0A1A /* (null) in Frameworks */,
				1A5F7E462B3D5C4A009F0A1A /* (null) in Frameworks */,
				1A5F7E362B3D5C4A009F0A1A /* (null) in Frameworks */,
				1A5F7E3A2B3D5C4A009F0A1A /* (null) in Frameworks */,
				03FF87DD2DB0FB340059084A /* FirebaseAuth in Frameworks */,
				1A5F7E3E2B3D5C4A009F0A1A /* (null) in Frameworks */,
				03FF87ED2DB0FB5A0059084A /* FirebaseAnalytics in Frameworks */,
				1A5F7E4E2B3D5C4A009F0A1A /* (null) in Frameworks */,
				03FF87E92DB0FB340059084A /* FirebaseMessaging in Frameworks */,
				1A5F7E4C2B3D5C4A009F0A1A /* (null) in Frameworks */,
				1A5F7E442B3D5C4A009F0A1A /* (null) in Frameworks */,
				03FF87D92DB0FB340059084A /* FirebaseAnalyticsSwift in Frameworks */,
				03FF87E32DB0FB340059084A /* FirebaseDatabaseSwift in Frameworks */,
				1A5F7E482B3D5C4A009F0A1A /* (null) in Frameworks */,
				1A5F7E542B3D5C4A009F0A1A /* (null) in Frameworks */,
				1A5F7E5C2B3D5C4A009F0A1A /* (null) in Frameworks */,
			);
			runOnlyForDeploymentPostprocessing = 0;
		};
		0318CBA32D3669E40025F09E /* Frameworks */ = {
			isa = PBXFrameworksBuildPhase;
			buildActionMask = 2147483647;
			files = (
			);
			runOnlyForDeploymentPostprocessing = 0;
		};
		0318CBAD2D3669E40025F09E /* Frameworks */ = {
			isa = PBXFrameworksBuildPhase;
			buildActionMask = 2147483647;
			files = (
			);
			runOnlyForDeploymentPostprocessing = 0;
		};
/* End PBXFrameworksBuildPhase section */

/* Begin PBXGroup section */
		0318CB8D2D3669E30025F09E = {
			isa = PBXGroup;
			children = (
				0318CB982D3669E30025F09E /* Valet */,
				0318CBA92D3669E40025F09E /* ValetTests */,
				0318CBB32D3669E40025F09E /* ValetUITests */,
				0318CB972D3669E30025F09E /* Products */,
			);
			sourceTree = "<group>";
		};
		0318CB972D3669E30025F09E /* Products */ = {
			isa = PBXGroup;
			children = (
				0318CB962D3669E30025F09E /* Valet.app */,
				0318CBA62D3669E40025F09E /* ValetTests.xctest */,
				0318CBB02D3669E40025F09E /* ValetUITests.xctest */,
			);
			name = Products;
			sourceTree = "<group>";
		};
/* End PBXGroup section */

/* Begin PBXNativeTarget section */
		0318CB952D3669E30025F09E /* Valet */ = {
			isa = PBXNativeTarget;
			buildConfigurationList = 0318CBBA2D3669E40025F09E /* Build configuration list for PBXNativeTarget "Valet" */;
			buildPhases = (
				0318CB922D3669E30025F09E /* Sources */,
				0318CB932D3669E30025F09E /* Frameworks */,
				0318CB942D3669E30025F09E /* Resources */,
			);
			buildRules = (
			);
			dependencies = (
			);
			fileSystemSynchronizedGroups = (
				0318CB982D3669E30025F09E /* Valet */,
			);
			name = Valet;
			packageProductDependencies = (
				03FF87D82DB0FB340059084A /* FirebaseAnalyticsSwift */,
				03FF87DA2DB0FB340059084A /* FirebaseAppDistribution-Beta */,
				03FF87DC2DB0FB340059084A /* FirebaseAuth */,
				03FF87DE2DB0FB340059084A /* FirebaseAuthCombine-Community */,
				03FF87E02DB0FB340059084A /* FirebaseDatabase */,
				03FF87E22DB0FB340059084A /* FirebaseDatabaseSwift */,
				03FF87E42DB0FB340059084A /* FirebaseFirestore */,
				03FF87E62DB0FB340059084A /* FirebaseInstallations */,
				03FF87E82DB0FB340059084A /* FirebaseMessaging */,
				03FF87EA2DB0FB340059084A /* FirebaseStorage */,
				03FF87EC2DB0FB5A0059084A /* FirebaseAnalytics */,
				03FF87EE2DB0FB5A0059084A /* FirebaseAuth */,
				03FF87F02DB0FB5A0059084A /* FirebaseDatabase */,
				03FF87F22DB0FB5A0059084A /* FirebaseFirestore */,
				03FF87F42DB0FB5A0059084A /* FirebaseStorage */,
			);
			productName = Valet;
			productReference = 0318CB962D3669E30025F09E /* Valet.app */;
			productType = "com.apple.product-type.application";
		};
		0318CBA52D3669E40025F09E /* ValetTests */ = {
			isa = PBXNativeTarget;
			buildConfigurationList = 0318CBBD2D3669E40025F09E /* Build configuration list for PBXNativeTarget "ValetTests" */;
			buildPhases = (
				0318CBA22D3669E40025F09E /* Sources */,
				0318CBA32D3669E40025F09E /* Frameworks */,
				0318CBA42D3669E40025F09E /* Resources */,
			);
			buildRules = (
			);
			dependencies = (
				0318CBA82D3669E40025F09E /* PBXTargetDependency */,
			);
			fileSystemSynchronizedGroups = (
				0318CBA92D3669E40025F09E /* ValetTests */,
			);
			name = ValetTests;
			packageProductDependencies = (
			);
			productName = ValetTests;
			productReference = 0318CBA62D3669E40025F09E /* ValetTests.xctest */;
			productType = "com.apple.product-type.bundle.unit-test";
		};
		0318CBAF2D3669E40025F09E /* ValetUITests */ = {
			isa = PBXNativeTarget;
			buildConfigurationList = 0318CBC02D3669E40025F09E /* Build configuration list for PBXNativeTarget "ValetUITests" */;
			buildPhases = (
				0318CBAC2D3669E40025F09E /* Sources */,
				0318CBAD2D3669E40025F09E /* Frameworks */,
				0318CBAE2D3669E40025F09E /* Resources */,
			);
			buildRules = (
			);
			dependencies = (
				0318CBB22D3669E40025F09E /* PBXTargetDependency */,
			);
			fileSystemSynchronizedGroups = (
				0318CBB32D3669E40025F09E /* ValetUITests */,
			);
			name = ValetUITests;
			packageProductDependencies = (
			);
			productName = ValetUITests;
			productReference = 0318CBB02D3669E40025F09E /* ValetUITests.xctest */;
			productType = "com.apple.product-type.bundle.ui-testing";
		};
/* End PBXNativeTarget section */

/* Begin PBXProject section */
		0318CB8E2D3669E30025F09E /* Project object */ = {
			isa = PBXProject;
			attributes = {
				BuildIndependentTargetsInParallel = 1;
				LastSwiftUpdateCheck = 1620;
				LastUpgradeCheck = 1620;
				TargetAttributes = {
					0318CB952D3669E30025F09E = {
						CreatedOnToolsVersion = 16.2;
					};
					0318CBA52D3669E40025F09E = {
						CreatedOnToolsVersion = 16.2;
						TestTargetID = 0318CB952D3669E30025F09E;
					};
					0318CBAF2D3669E40025F09E = {
						CreatedOnToolsVersion = 16.2;
						TestTargetID = 0318CB952D3669E30025F09E;
					};
				};
			};
			buildConfigurationList = 0318CB912D3669E30025F09E /* Build configuration list for PBXProject "Valet" */;
			compatibilityVersion = "Xcode 14.0";
			developmentRegion = en;
			hasScannedForEncodings = 0;
			knownRegions = (
				en,
				Base,
			);
			mainGroup = 0318CB8D2D3669E30025F09E;
			packageReferences = (
				1A5F7E2E2B3D5C4A009F0A1A /* XCRemoteSwiftPackageReference "firebase-ios-sdk" */,
			);
			productRefGroup = 0318CB972D3669E30025F09E /* Products */;
			projectDirPath = "";
			projectRoot = "";
			targets = (
				0318CB952D3669E30025F09E /* Valet */,
				0318CBA52D3669E40025F09E /* ValetTests */,
				0318CBAF2D3669E40025F09E /* ValetUITests */,
			);
		};
/* End PBXProject section */

/* Begin PBXResourcesBuildPhase section */
		0318CB942D3669E30025F09E /* Resources */ = {
			isa = PBXResourcesBuildPhase;
			buildActionMask = 2147483647;
			files = (
			);
			runOnlyForDeploymentPostprocessing = 0;
		};
		0318CBA42D3669E40025F09E /* Resources */ = {
			isa = PBXResourcesBuildPhase;
			buildActionMask = 2147483647;
			files = (
			);
			runOnlyForDeploymentPostprocessing = 0;
		};
		0318CBAE2D3669E40025F09E /* Resources */ = {
			isa = PBXResourcesBuildPhase;
			buildActionMask = 2147483647;
			files = (
			);
			runOnlyForDeploymentPostprocessing = 0;
		};
/* End PBXResourcesBuildPhase section */

/* Begin PBXSourcesBuildPhase section */
		0318CB922D3669E30025F09E /* Sources */ = {
			isa = PBXSourcesBuildPhase;
			buildActionMask = 2147483647;
			files = (
			);
			runOnlyForDeploymentPostprocessing = 0;
		};
		0318CBA22D3669E40025F09E /* Sources */ = {
			isa = PBXSourcesBuildPhase;
			buildActionMask = 2147483647;
			files = (
			);
			runOnlyForDeploymentPostprocessing = 0;
		};
		0318CBAC2D3669E40025F09E /* Sources */ = {
			isa = PBXSourcesBuildPhase;
			buildActionMask = 2147483647;
			files = (
			);
			runOnlyForDeploymentPostprocessing = 0;
		};
/* End PBXSourcesBuildPhase section */

/* Begin PBXTargetDependency section */
		0318CBA82D3669E40025F09E /* PBXTargetDependency */ = {
			isa = PBXTargetDependency;
			target = 0318CB952D3669E30025F09E /* Valet */;
			targetProxy = 0318CBA72D3669E40025F09E /* PBXContainerItemProxy */;
		};
		0318CBB22D3669E40025F09E /* PBXTargetDependency */ = {
			isa = PBXTargetDependency;
			target = 0318CB952D3669E30025F09E /* Valet */;
			targetProxy = 0318CBB12D3669E40025F09E /* PBXContainerItemProxy */;
		};
/* End PBXTargetDependency section */

/* Begin XCBuildConfiguration section */
		0318CBB82D3669E40025F09E /* Debug */ = {
			isa = XCBuildConfiguration;
			buildSettings = {
				ALWAYS_SEARCH_USER_PATHS = NO;
				ASSETCATALOG_COMPILER_GENERATE_SWIFT_ASSET_SYMBOL_EXTENSIONS = YES;
				CLANG_ANALYZER_NONNULL = YES;
				CLANG_ANALYZER_NUMBER_OBJECT_CONVERSION = YES_AGGRESSIVE;
				CLANG_CXX_LANGUAGE_STANDARD = "gnu++20";
				CLANG_ENABLE_MODULES = YES;
				CLANG_ENABLE_OBJC_ARC = YES;
				CLANG_ENABLE_OBJC_WEAK = YES;
				CLANG_WARN_BLOCK_CAPTURE_AUTORELEASING = YES;
				CLANG_WARN_BOOL_CONVERSION = YES;
				CLANG_WARN_COMMA = YES;
				CLANG_WARN_CONSTANT_CONVERSION = YES;
				CLANG_WARN_DEPRECATED_OBJC_IMPLEMENTATIONS = YES;
				CLANG_WARN_DIRECT_OBJC_ISA_USAGE = YES_ERROR;
				CLANG_WARN_DOCUMENTATION_COMMENTS = YES;
				CLANG_WARN_EMPTY_BODY = YES;
				CLANG_WARN_ENUM_CONVERSION = YES;
				CLANG_WARN_INFINITE_RECURSION = YES;
				CLANG_WARN_INT_CONVERSION = YES;
				CLANG_WARN_NON_LITERAL_NULL_CONVERSION = YES;
				CLANG_WARN_OBJC_IMPLICIT_RETAIN_SELF = YES;
				CLANG_WARN_OBJC_LITERAL_CONVERSION = YES;
				CLANG_WARN_OBJC_ROOT_CLASS = YES_ERROR;
				CLANG_WARN_QUOTED_INCLUDE_IN_FRAMEWORK_HEADER = YES;
				CLANG_WARN_RANGE_LOOP_ANALYSIS = YES;
				CLANG_WARN_STRICT_PROTOTYPES = YES;
				CLANG_WARN_SUSPICIOUS_MOVE = YES;
				CLANG_WARN_UNGUARDED_AVAILABILITY = YES_AGGRESSIVE;
				CLANG_WARN_UNREACHABLE_CODE = YES;
				CLANG_WARN__DUPLICATE_METHOD_MATCH = YES;
				COPY_PHASE_STRIP = NO;
				DEBUG_INFORMATION_FORMAT = dwarf;
				ENABLE_STRICT_OBJC_MSGSEND = YES;
				ENABLE_TESTABILITY = YES;
				ENABLE_USER_SCRIPT_SANDBOXING = YES;
				GCC_C_LANGUAGE_STANDARD = gnu17;
				GCC_DYNAMIC_NO_PIC = NO;
				GCC_NO_COMMON_BLOCKS = YES;
				GCC_OPTIMIZATION_LEVEL = 0;
				GCC_PREPROCESSOR_DEFINITIONS = (
					"DEBUG=1",
					"$(inherited)",
				);
				GCC_WARN_64_TO_32_BIT_CONVERSION = YES;
				GCC_WARN_ABOUT_RETURN_TYPE = YES_ERROR;
				GCC_WARN_UNDECLARED_SELECTOR = YES;
				GCC_WARN_UNINITIALIZED_AUTOS = YES_AGGRESSIVE;
				GCC_WARN_UNUSED_FUNCTION = YES;
				GCC_WARN_UNUSED_VARIABLE = YES;
				GENERATE_INFOPLIST_FILE = YES;
				IPHONEOS_DEPLOYMENT_TARGET = 18.2;
				LOCALIZATION_PREFERS_STRING_CATALOGS = YES;
				MTL_ENABLE_DEBUG_INFO = INCLUDE_SOURCE;
				MTL_FAST_MATH = YES;
				ONLY_ACTIVE_ARCH = YES;
				SDKROOT = iphoneos;
				SWIFT_ACTIVE_COMPILATION_CONDITIONS = "DEBUG $(inherited)";
				SWIFT_OPTIMIZATION_LEVEL = "-Onone";
			};
			name = Debug;
		};
		0318CBB92D3669E40025F09E /* Release */ = {
			isa = XCBuildConfiguration;
			buildSettings = {
				ALWAYS_SEARCH_USER_PATHS = NO;
				ASSETCATALOG_COMPILER_GENERATE_SWIFT_ASSET_SYMBOL_EXTENSIONS = YES;
				CLANG_ANALYZER_NONNULL = YES;
				CLANG_ANALYZER_NUMBER_OBJECT_CONVERSION = YES_AGGRESSIVE;
				CLANG_CXX_LANGUAGE_STANDARD = "gnu++20";
				CLANG_ENABLE_MODULES = YES;
				CLANG_ENABLE_OBJC_ARC = YES;
				CLANG_ENABLE_OBJC_WEAK = YES;
				CLANG_WARN_BLOCK_CAPTURE_AUTORELEASING = YES;
				CLANG_WARN_BOOL_CONVERSION = YES;
				CLANG_WARN_COMMA = YES;
				CLANG_WARN_CONSTANT_CONVERSION = YES;
				CLANG_WARN_DEPRECATED_OBJC_IMPLEMENTATIONS = YES;
				CLANG_WARN_DIRECT_OBJC_ISA_USAGE = YES_ERROR;
				CLANG_WARN_DOCUMENTATION_COMMENTS = YES;
				CLANG_WARN_EMPTY_BODY = YES;
				CLANG_WARN_ENUM_CONVERSION = YES;
				CLANG_WARN_INFINITE_RECURSION = YES;
				CLANG_WARN_INT_CONVERSION = YES;
				CLANG_WARN_NON_LITERAL_NULL_CONVERSION = YES;
				CLANG_WARN_OBJC_IMPLICIT_RETAIN_SELF = YES;
				CLANG_WARN_OBJC_LITERAL_CONVERSION = YES;
				CLANG_WARN_OBJC_ROOT_CLASS = YES_ERROR;
				CLANG_WARN_QUOTED_INCLUDE_IN_FRAMEWORK_HEADER = YES;
				CLANG_WARN_RANGE_LOOP_ANALYSIS = YES;
				CLANG_WARN_STRICT_PROTOTYPES = YES;
				CLANG_WARN_SUSPICIOUS_MOVE = YES;
				CLANG_WARN_UNGUARDED_AVAILABILITY = YES_AGGRESSIVE;
				CLANG_WARN_UNREACHABLE_CODE = YES;
				CLANG_WARN__DUPLICATE_METHOD_MATCH = YES;
				COPY_PHASE_STRIP = NO;
				DEBUG_INFORMATION_FORMAT = "dwarf-with-dsym";
				ENABLE_NS_ASSERTIONS = NO;
				ENABLE_STRICT_OBJC_MSGSEND = YES;
				ENABLE_USER_SCRIPT_SANDBOXING = YES;
				GCC_C_LANGUAGE_STANDARD = gnu17;
				GCC_NO_COMMON_BLOCKS = YES;
				GCC_WARN_64_TO_32_BIT_CONVERSION = YES;
				GCC_WARN_ABOUT_RETURN_TYPE = YES_ERROR;
				GCC_WARN_UNDECLARED_SELECTOR = YES;
				GCC_WARN_UNINITIALIZED_AUTOS = YES_AGGRESSIVE;
				GCC_WARN_UNUSED_FUNCTION = YES;
				GCC_WARN_UNUSED_VARIABLE = YES;
				GENERATE_INFOPLIST_FILE = YES;
				"INFOPLIST_FILE[sdk=*]" = "";
				IPHONEOS_DEPLOYMENT_TARGET = 18.2;
				LOCALIZATION_PREFERS_STRING_CATALOGS = YES;
				MTL_ENABLE_DEBUG_INFO = NO;
				MTL_FAST_MATH = YES;
				SDKROOT = iphoneos;
				SWIFT_COMPILATION_MODE = wholemodule;
				VALIDATE_PRODUCT = YES;
			};
			name = Release;
		};
		0318CBBB2D3669E40025F09E /* Debug */ = {
			isa = XCBuildConfiguration;
			buildSettings = {
				ASSETCATALOG_COMPILER_APPICON_NAME = AppIcon;
				ASSETCATALOG_COMPILER_GLOBAL_ACCENT_COLOR_NAME = AccentColor;
				CODE_SIGN_STYLE = Automatic;
				CURRENT_PROJECT_VERSION = 1;
				DEVELOPMENT_ASSET_PATHS = "";
				DEVELOPMENT_TEAM = ERSU5QDHUN;
				ENABLE_PREVIEWS = YES;
				GENERATE_INFOPLIST_FILE = YES;
				INFOPLIST_FILE = Valet/Info.plist;
				INFOPLIST_KEY_CFBundleDisplayName = Valet;
				INFOPLIST_KEY_LSApplicationCategoryType = "public.app-category.business";
				INFOPLIST_KEY_UIApplicationSceneManifest_Generation = YES;
				INFOPLIST_KEY_UIApplicationSupportsIndirectInputEvents = YES;
				INFOPLIST_KEY_UILaunchScreen_Generation = YES;
				INFOPLIST_KEY_UIRequiresFullScreen = YES;
				INFOPLIST_KEY_UIStatusBarHidden = NO;
				INFOPLIST_KEY_UIStatusBarStyle = "";
				INFOPLIST_KEY_UISupportedInterfaceOrientations = UIInterfaceOrientationPortrait;
				INFOPLIST_PREPROCESS = NO;
				LD_RUNPATH_SEARCH_PATHS = (
					"$(inherited)",
					"@executable_path/Frameworks",
				);
				MARKETING_VERSION = 1.0;
				PRODUCT_BUNDLE_IDENTIFIER = SVK.Valet;
				PRODUCT_NAME = "$(TARGET_NAME)";
				SWIFT_EMIT_LOC_STRINGS = YES;
				SWIFT_VERSION = 5.0;
				TARGETED_DEVICE_FAMILY = "1,2";
			};
			name = Debug;
		};
		0318CBBC2D3669E40025F09E /* Release */ = {
			isa = XCBuildConfiguration;
			buildSettings = {
				ASSETCATALOG_COMPILER_APPICON_NAME = AppIcon;
				ASSETCATALOG_COMPILER_GLOBAL_ACCENT_COLOR_NAME = AccentColor;
				CODE_SIGN_STYLE = Automatic;
				CURRENT_PROJECT_VERSION = 1;
				DEVELOPMENT_ASSET_PATHS = "";
				DEVELOPMENT_TEAM = ERSU5QDHUN;
				ENABLE_PREVIEWS = YES;
				GENERATE_INFOPLIST_FILE = YES;
				INFOPLIST_FILE = Valet/Info.plist;
				INFOPLIST_KEY_CFBundleDisplayName = Valet;
				INFOPLIST_KEY_LSApplicationCategoryType = "public.app-category.business";
				INFOPLIST_KEY_UIApplicationSceneManifest_Generation = YES;
				INFOPLIST_KEY_UIApplicationSupportsIndirectInputEvents = YES;
				INFOPLIST_KEY_UILaunchScreen_Generation = YES;
				INFOPLIST_KEY_UIRequiresFullScreen = YES;
				INFOPLIST_KEY_UIStatusBarHidden = NO;
				INFOPLIST_KEY_UIStatusBarStyle = "";
				INFOPLIST_KEY_UISupportedInterfaceOrientations = UIInterfaceOrientationPortrait;
				INFOPLIST_PREPROCESS = NO;
				LD_RUNPATH_SEARCH_PATHS = (
					"$(inherited)",
					"@executable_path/Frameworks",
				);
				MARKETING_VERSION = 1.0;
				PRODUCT_BUNDLE_IDENTIFIER = SVK.Valet;
				PRODUCT_NAME = "$(TARGET_NAME)";
				SWIFT_EMIT_LOC_STRINGS = YES;
				SWIFT_VERSION = 5.0;
				TARGETED_DEVICE_FAMILY = "1,2";
			};
			name = Release;
		};
		0318CBBE2D3669E40025F09E /* Debug */ = {
			isa = XCBuildConfiguration;
			buildSettings = {
				BUNDLE_LOADER = "$(TEST_HOST)";
				CODE_SIGN_STYLE = Automatic;
				CURRENT_PROJECT_VERSION = 1;
				DEVELOPMENT_TEAM = ERSU5QDHUN;
				GENERATE_INFOPLIST_FILE = YES;
				IPHONEOS_DEPLOYMENT_TARGET = 18.2;
				MARKETING_VERSION = 1.0;
				PRODUCT_BUNDLE_IDENTIFIER = SVK.ValetTests;
				PRODUCT_NAME = "$(TARGET_NAME)";
				SWIFT_EMIT_LOC_STRINGS = NO;
				SWIFT_VERSION = 5.0;
				TARGETED_DEVICE_FAMILY = "1,2";
				TEST_HOST = "$(BUILT_PRODUCTS_DIR)/Valet.app/$(BUNDLE_EXECUTABLE_FOLDER_PATH)/Valet";
			};
			name = Debug;
		};
		0318CBBF2D3669E40025F09E /* Release */ = {
			isa = XCBuildConfiguration;
			buildSettings = {
				BUNDLE_LOADER = "$(TEST_HOST)";
				CODE_SIGN_STYLE = Automatic;
				CURRENT_PROJECT_VERSION = 1;
				DEVELOPMENT_TEAM = ERSU5QDHUN;
				GENERATE_INFOPLIST_FILE = YES;
				IPHONEOS_DEPLOYMENT_TARGET = 18.2;
				MARKETING_VERSION = 1.0;
				PRODUCT_BUNDLE_IDENTIFIER = SVK.ValetTests;
				PRODUCT_NAME = "$(TARGET_NAME)";
				SWIFT_EMIT_LOC_STRINGS = NO;
				SWIFT_VERSION = 5.0;
				TARGETED_DEVICE_FAMILY = "1,2";
				TEST_HOST = "$(BUILT_PRODUCTS_DIR)/Valet.app/$(BUNDLE_EXECUTABLE_FOLDER_PATH)/Valet";
			};
			name = Release;
		};
		0318CBC12D3669E40025F09E /* Debug */ = {
			isa = XCBuildConfiguration;
			buildSettings = {
				CODE_SIGN_STYLE = Automatic;
				CURRENT_PROJECT_VERSION = 1;
				DEVELOPMENT_TEAM = ERSU5QDHUN;
				GENERATE_INFOPLIST_FILE = YES;
				MARKETING_VERSION = 1.0;
				PRODUCT_BUNDLE_IDENTIFIER = SVK.ValetUITests;
				PRODUCT_NAME = "$(TARGET_NAME)";
				SWIFT_EMIT_LOC_STRINGS = NO;
				SWIFT_VERSION = 5.0;
				TARGETED_DEVICE_FAMILY = "1,2";
				TEST_TARGET_NAME = Valet;
			};
			name = Debug;
		};
		0318CBC22D3669E40025F09E /* Release */ = {
			isa = XCBuildConfiguration;
			buildSettings = {
				CODE_SIGN_STYLE = Automatic;
				CURRENT_PROJECT_VERSION = 1;
				DEVELOPMENT_TEAM = ERSU5QDHUN;
				GENERATE_INFOPLIST_FILE = YES;
				MARKETING_VERSION = 1.0;
				PRODUCT_BUNDLE_IDENTIFIER = SVK.ValetUITests;
				PRODUCT_NAME = "$(TARGET_NAME)";
				SWIFT_EMIT_LOC_STRINGS = NO;
				SWIFT_VERSION = 5.0;
				TARGETED_DEVICE_FAMILY = "1,2";
				TEST_TARGET_NAME = Valet;
			};
			name = Release;
		};
/* End XCBuildConfiguration section */

/* Begin XCConfigurationList section */
		0318CB912D3669E30025F09E /* Build configuration list for PBXProject "Valet" */ = {
			isa = XCConfigurationList;
			buildConfigurations = (
				0318CBB82D3669E40025F09E /* Debug */,
				0318CBB92D3669E40025F09E /* Release */,
			);
			defaultConfigurationIsVisible = 0;
			defaultConfigurationName = Release;
		};
		0318CBBA2D3669E40025F09E /* Build configuration list for PBXNativeTarget "Valet" */ = {
			isa = XCConfigurationList;
			buildConfigurations = (
				0318CBBB2D3669E40025F09E /* Debug */,
				0318CBBC2D3669E40025F09E /* Release */,
			);
			defaultConfigurationIsVisible = 0;
			defaultConfigurationName = Release;
		};
		0318CBBD2D3669E40025F09E /* Build configuration list for PBXNativeTarget "ValetTests" */ = {
			isa = XCConfigurationList;
			buildConfigurations = (
				0318CBBE2D3669E40025F09E /* Debug */,
				0318CBBF2D3669E40025F09E /* Release */,
			);
			defaultConfigurationIsVisible = 0;
			defaultConfigurationName = Release;
		};
		0318CBC02D3669E40025F09E /* Build configuration list for PBXNativeTarget "ValetUITests" */ = {
			isa = XCConfigurationList;
			buildConfigurations = (
				0318CBC12D3669E40025F09E /* Debug */,
				0318CBC22D3669E40025F09E /* Release */,
			);
			defaultConfigurationIsVisible = 0;
			defaultConfigurationName = Release;
		};
/* End XCConfigurationList section */

/* Begin XCRemoteSwiftPackageReference section */
		1A5F7E2E2B3D5C4A009F0A1A /* XCRemoteSwiftPackageReference "firebase-ios-sdk" */ = {
			isa = XCRemoteSwiftPackageReference;
			repositoryURL = "https://github.com/firebase/firebase-ios-sdk";
			requirement = {
				kind = upToNextMajorVersion;
				minimumVersion = 10.19.0;
			};
		};
/* End XCRemoteSwiftPackageReference section */

/* Begin XCSwiftPackageProductDependency section */
		03FF87D82DB0FB340059084A /* FirebaseAnalyticsSwift */ = {
			isa = XCSwiftPackageProductDependency;
			productName = FirebaseAnalyticsSwift;
		};
		03FF87DA2DB0FB340059084A /* FirebaseAppDistribution-Beta */ = {
			isa = XCSwiftPackageProductDependency;
			productName = "FirebaseAppDistribution-Beta";
		};
		03FF87DC2DB0FB340059084A /* FirebaseAuth */ = {
			isa = XCSwiftPackageProductDependency;
			productName = FirebaseAuth;
		};
		03FF87DE2DB0FB340059084A /* FirebaseAuthCombine-Community */ = {
			isa = XCSwiftPackageProductDependency;
			productName = "FirebaseAuthCombine-Community";
		};
		03FF87E02DB0FB340059084A /* FirebaseDatabase */ = {
			isa = XCSwiftPackageProductDependency;
			productName = FirebaseDatabase;
		};
		03FF87E22DB0FB340059084A /* FirebaseDatabaseSwift */ = {
			isa = XCSwiftPackageProductDependency;
			productName = FirebaseDatabaseSwift;
		};
		03FF87E42DB0FB340059084A /* FirebaseFirestore */ = {
			isa = XCSwiftPackageProductDependency;
			productName = FirebaseFirestore;
		};
		03FF87E62DB0FB340059084A /* FirebaseInstallations */ = {
			isa = XCSwiftPackageProductDependency;
			productName = FirebaseInstallations;
		};
		03FF87E82DB0FB340059084A /* FirebaseMessaging */ = {
			isa = XCSwiftPackageProductDependency;
			productName = FirebaseMessaging;
		};
		03FF87EA2DB0FB340059084A /* FirebaseStorage */ = {
			isa = XCSwiftPackageProductDependency;
			productName = FirebaseStorage;
		};
		03FF87EC2DB0FB5A0059084A /* FirebaseAnalytics */ = {
			isa = XCSwiftPackageProductDependency;
			productName = FirebaseAnalytics;
		};
		03FF87EE2DB0FB5A0059084A /* FirebaseAuth */ = {
			isa = XCSwiftPackageProductDependency;
			productName = FirebaseAuth;
		};
		03FF87F02DB0FB5A0059084A /* FirebaseDatabase */ = {
			isa = XCSwiftPackageProductDependency;
			productName = FirebaseDatabase;
		};
		03FF87F22DB0FB5A0059084A /* FirebaseFirestore */ = {
			isa = XCSwiftPackageProductDependency;
			productName = FirebaseFirestore;
		};
		03FF87F42DB0FB5A0059084A /* FirebaseStorage */ = {
			isa = XCSwiftPackageProductDependency;
			productName = FirebaseStorage;
		};
/* End XCSwiftPackageProductDependency section */
	};
	rootObject = 0318CB8E2D3669E30025F09E /* Project object */;
}
